{
  "name": "@bouncingpixel/dust-helpers",
  "version": "0.3.1",
  "lockfileVersion": 1,
  "requires": true,
  "dependencies": {
    "moment": {
      "version": "2.29.1",
      "resolved": "https://registry.npmjs.org/moment/-/moment-2.29.1.tgz",
      "integrity": "sha512-kHmoybcPV8Sqy59DwNDY3Jefr64lK/by/da0ViFcuA4DH0vQg5Q6Ze5VimxkfQNSC+Mls/Kx53s7TjP1RhFEDQ=="
    },
    "pluralize": {
      "version": "3.1.0",
      "resolved": "https://registry.npmjs.org/pluralize/-/pluralize-3.1.0.tgz",
      "integrity": "sha1-hCE9ChI1YGnaqEBgxVkkJjMWE2g="
    }
  }
}
